<?xml version="1.0" encoding="utf-8"?>
<Project ToolsVersion="4.0" xmlns="http://schemas.microsoft.com/developer/msbuild/2003">
  <ItemGroup>
    <Filter Include="헤더 파일">
      <UniqueIdentifier>{93995380-89BD-4b04-88EB-625FBE52EBFB}</UniqueIdentifier>
      <Extensions>h;hh;hpp;hxx;h++;hm;inl;inc;ipp;xsd</Extensions>
    </Filter>
    <Filter Include="리소스 파일">
      <UniqueIdentifier>{67DA6AB6-F800-4c08-8B7A-83BB121AAD01}</UniqueIdentifier>
      <Extensions>rc;ico;cur;bmp;dlg;rc2;rct;bin;rgs;gif;jpg;jpeg;jpe;resx;tiff;tif;png;wav;mfcribbon-ms</Extensions>
    </Filter>
    <Filter Include="Manager">
      <UniqueIdentifier>{0e37485a-37e2-4a87-b41b-bd726dcd3fed}</UniqueIdentifier>
    </Filter>
    <Filter Include="mainGame">
      <UniqueIdentifier>{41c22507-0f78-40d6-bd41-0d6aa8562e24}</UniqueIdentifier>
    </Filter>
    <Filter Include="UTIL">
      <UniqueIdentifier>{5a632271-9412-4e64-bbd1-199cac1f02a6}</UniqueIdentifier>
    </Filter>
    <Filter Include="image">
      <UniqueIdentifier>{1f1f32f9-899e-41b8-874c-37702cbe1fdb}</UniqueIdentifier>
    </Filter>
    <Filter Include="타이머">
      <UniqueIdentifier>{d851b592-6c07-40af-a3a8-a5630784690b}</UniqueIdentifier>
    </Filter>
    <Filter Include="loading">
      <UniqueIdentifier>{72c92859-cbe4-4513-b9e2-f62625511367}</UniqueIdentifier>
    </Filter>
    <Filter Include="프로그래스바">
      <UniqueIdentifier>{e7482664-409b-4144-aebd-3346e46d71f3}</UniqueIdentifier>
    </Filter>
    <Filter Include="텍스트데이터">
      <UniqueIdentifier>{24168f1b-2950-453d-b7f2-705f0b8c886d}</UniqueIdentifier>
    </Filter>
    <Filter Include="gameNode">
      <UniqueIdentifier>{47b34441-09da-4a50-b413-112e965a75b7}</UniqueIdentifier>
    </Filter>
    <Filter Include="애니메이션">
      <UniqueIdentifier>{fe5b71f5-9576-4557-b40c-b18eaa05b79e}</UniqueIdentifier>
    </Filter>
    <Filter Include="이펙트">
      <UniqueIdentifier>{2e134f28-1250-4606-8eff-bf40947e3f51}</UniqueIdentifier>
    </Filter>
    <Filter Include="소스 파일">
      <UniqueIdentifier>{4FC737F1-C7A5-4376-A066-2A32D752A2FF}</UniqueIdentifier>
      <Extensions>cpp;c;cc;cxx;c++;cppm;ixx;def;odl;idl;hpj;bat;asm;asmx</Extensions>
    </Filter>
    <Filter Include="singleton">
      <UniqueIdentifier>{4195f04f-5855-464f-9ac2-ec62e85370d4}</UniqueIdentifier>
    </Filter>
    <Filter Include="mainGame\슈퍼마리오RPG">
      <UniqueIdentifier>{4b9b4328-96f4-414c-8a8f-f06ac08cafba}</UniqueIdentifier>
    </Filter>
    <Filter Include="mainGame\슈퍼마리오RPG\Cunit">
      <UniqueIdentifier>{13cf3fdb-ab13-4517-baa9-3ee6c410c38a}</UniqueIdentifier>
    </Filter>
    <Filter Include="mainGame\슈퍼마리오RPG\Cunit\CplayerManager">
      <UniqueIdentifier>{34783a6f-ca22-43c5-8b39-404c34aaf1ed}</UniqueIdentifier>
    </Filter>
    <Filter Include="mainGame\슈퍼마리오RPG\CFSM">
      <UniqueIdentifier>{24564a7e-9d56-44dd-8242-2110bc5b2cdd}</UniqueIdentifier>
    </Filter>
    <Filter Include="mainGame\슈퍼마리오RPG\Cscene">
      <UniqueIdentifier>{bec9ba8c-ffff-4ef8-8ca1-1dd242a48d18}</UniqueIdentifier>
    </Filter>
    <Filter Include="mainGame\슈퍼마리오RPG\Cunit\Ccharacter">
      <UniqueIdentifier>{a77c6308-2e63-47e7-a5b4-be1fc1c16930}</UniqueIdentifier>
    </Filter>
    <Filter Include="mainGame\슈퍼마리오RPG\Cunit\Ccharacter\Cbowser">
      <UniqueIdentifier>{3cf16908-b059-4e5c-90a9-5298a1a16703}</UniqueIdentifier>
    </Filter>
    <Filter Include="mainGame\슈퍼마리오RPG\Cunit\Ccharacter\Cmario">
      <UniqueIdentifier>{e36298a1-1452-422b-b2ae-2695173609b4}</UniqueIdentifier>
    </Filter>
    <Filter Include="mainGame\슈퍼마리오RPG\Cunit\Ccharacter\Cpeach">
      <UniqueIdentifier>{e4fff51b-fb32-4265-947b-080e0e805d8a}</UniqueIdentifier>
    </Filter>
    <Filter Include="mainGame\슈퍼마리오RPG\Cobject">
      <UniqueIdentifier>{6d858a02-f04d-4655-9017-681968048cbf}</UniqueIdentifier>
    </Filter>
    <Filter Include="mainGame\슈퍼마리오RPG\Cobject\Ctown">
      <UniqueIdentifier>{fe419b84-d112-4e60-a184-6a63df59d912}</UniqueIdentifier>
    </Filter>
    <Filter Include="mainGame\슈퍼마리오RPG\Cobject\Chouse">
      <UniqueIdentifier>{c6f4ca13-4bb0-4d33-b1b1-19a853829fe2}</UniqueIdentifier>
    </Filter>
    <Filter Include="mainGame\Ccamera">
      <UniqueIdentifier>{a073fbc0-fcd1-4831-88ff-a22b5fb1361a}</UniqueIdentifier>
    </Filter>
    <Filter Include="mainGame\슈퍼마리오RPG\Cunit\CplayerManager\CplayerData">
      <UniqueIdentifier>{9005265e-3640-4188-bfa1-dd4830dedbad}</UniqueIdentifier>
    </Filter>
    <Filter Include="mainGame\Czorder">
      <UniqueIdentifier>{3fede9af-319e-454a-a1a4-601c931fad79}</UniqueIdentifier>
    </Filter>
    <Filter Include="mainGame\슈퍼마리오RPG\Ccommand">
      <UniqueIdentifier>{3067c777-161d-41a4-b9b9-b33a54c1afc5}</UniqueIdentifier>
    </Filter>
    <Filter Include="mainGame\슈퍼마리오RPG\Ccommand\Cinvoker">
      <UniqueIdentifier>{8c04f84f-bd92-4ba6-ad68-75454c75bdb0}</UniqueIdentifier>
    </Filter>
    <Filter Include="mainGame\슈퍼마리오RPG\Ccommand\CcommandA">
      <UniqueIdentifier>{5e6cb17a-bcb6-4860-8ad0-c95feb9af697}</UniqueIdentifier>
    </Filter>
    <Filter Include="mainGame\슈퍼마리오RPG\Ccommand\CcommandB">
      <UniqueIdentifier>{989a0248-cbc9-4769-9899-3a909f0daf82}</UniqueIdentifier>
    </Filter>
    <Filter Include="mainGame\슈퍼마리오RPG\Ccommand\CcommandX">
      <UniqueIdentifier>{909913ee-15b4-47a9-81a8-ee6402c11156}</UniqueIdentifier>
    </Filter>
    <Filter Include="mainGame\슈퍼마리오RPG\Ccommand\CcommandY">
      <UniqueIdentifier>{dac5c500-0a5c-4705-91d7-3e50845d391b}</UniqueIdentifier>
    </Filter>
    <Filter Include="mainGame\슈퍼마리오RPG\Cunit\Ccharacter\Cmonster">
      <UniqueIdentifier>{1c17f1e5-1f8c-4aa5-bd3f-056dd36d1d95}</UniqueIdentifier>
    </Filter>
    <Filter Include="mainGame\슈퍼마리오RPG\Cunit\Ccharacter\Cmonster\Cgoomba">
      <UniqueIdentifier>{63779d1a-246b-407d-96e2-d351508ef756}</UniqueIdentifier>
    </Filter>
    <Filter Include="mainGame\슈퍼마리오RPG\Cunit\Ccharacter\Cmonster\CskyTroopa">
      <UniqueIdentifier>{8b78f532-6a8c-42a4-8db9-7d933721ce81}</UniqueIdentifier>
    </Filter>
    <Filter Include="mainGame\슈퍼마리오RPG\Cunit\Ccharacter\Cmonster\Cspikey">
      <UniqueIdentifier>{53e69954-ddf1-490c-b280-93cf42fd7799}</UniqueIdentifier>
    </Filter>
    <Filter Include="mainGame\슈퍼마리오RPG\Cfacade">
      <UniqueIdentifier>{0c158060-de9a-45ff-a3d5-469fcfb5049c}</UniqueIdentifier>
    </Filter>
    <Filter Include="mainGame\슈퍼마리오RPG\Cfacade\Cimage">
      <UniqueIdentifier>{f90010ee-4cf1-41d3-b379-83fe23a8fedc}</UniqueIdentifier>
    </Filter>
    <Filter Include="mainGame\슈퍼마리오RPG\Cfacade\Canimation">
      <UniqueIdentifier>{95fda417-4d7f-4ca2-ba97-47d702d5ef26}</UniqueIdentifier>
    </Filter>
    <Filter Include="mainGame\슈퍼마리오RPG\Cobject\CbanditsWay">
      <UniqueIdentifier>{41b1370e-ab71-425e-aa23-5206f51bc57c}</UniqueIdentifier>
    </Filter>
  </ItemGroup>
  <ItemGroup>
    <ClInclude Include="framework.h">
      <Filter>헤더 파일</Filter>
    </ClInclude>
    <ClInclude Include="targetver.h">
      <Filter>헤더 파일</Filter>
    </ClInclude>
    <ClInclude Include="Resource.h">
      <Filter>헤더 파일</Filter>
    </ClInclude>
    <ClInclude Include="API_FrameWork.h">
      <Filter>헤더 파일</Filter>
    </ClInclude>
    <ClInclude Include="commonMacroFunction.h">
      <Filter>헤더 파일</Filter>
    </ClInclude>
    <ClInclude Include="randomFunction.h">
      <Filter>헤더 파일</Filter>
    </ClInclude>
    <ClInclude Include="singleton.h">
      <Filter>singleton</Filter>
    </ClInclude>
    <ClInclude Include="Input.h">
      <Filter>Manager</Filter>
    </ClInclude>
    <ClInclude Include="mainGame.h">
      <Filter>mainGame</Filter>
    </ClInclude>
    <ClInclude Include="gameNode.h">
      <Filter>gameNode</Filter>
    </ClInclude>
    <ClInclude Include="utils.h">
      <Filter>UTIL</Filter>
    </ClInclude>
    <ClInclude Include="image.h">
      <Filter>image</Filter>
    </ClInclude>
    <ClInclude Include="imageManager.h">
      <Filter>Manager</Filter>
    </ClInclude>
    <ClInclude Include="timeManager.h">
      <Filter>Manager</Filter>
    </ClInclude>
    <ClInclude Include="timer.h">
      <Filter>타이머</Filter>
    </ClInclude>
    <ClInclude Include="sceneManager.h">
      <Filter>Manager</Filter>
    </ClInclude>
    <ClInclude Include="soundManager.h">
      <Filter>Manager</Filter>
    </ClInclude>
    <ClInclude Include="loading.h">
      <Filter>loading</Filter>
    </ClInclude>
    <ClInclude Include="progressBar.h">
      <Filter>프로그래스바</Filter>
    </ClInclude>
    <ClInclude Include="txtData.h">
      <Filter>텍스트데이터</Filter>
    </ClInclude>
    <ClInclude Include="animation.h">
      <Filter>애니메이션</Filter>
    </ClInclude>
    <ClInclude Include="animationManager.h">
      <Filter>Manager</Filter>
    </ClInclude>
    <ClInclude Include="Cimage.h">
      <Filter>mainGame\슈퍼마리오RPG\Cfacade\Cimage</Filter>
    </ClInclude>
    <ClInclude Include="effectManager.h">
      <Filter>Manager</Filter>
    </ClInclude>
    <ClInclude Include="effect.h">
      <Filter>이펙트</Filter>
    </ClInclude>
    <ClInclude Include="Ccamera.h">
      <Filter>mainGame\Ccamera</Filter>
    </ClInclude>
    <ClInclude Include="Cfacade.h">
      <Filter>mainGame\슈퍼마리오RPG\Cfacade</Filter>
    </ClInclude>
    <ClInclude Include="Canimation.h">
      <Filter>mainGame\슈퍼마리오RPG\Cfacade\Canimation</Filter>
    </ClInclude>
    <ClInclude Include="CaddImg.h">
      <Filter>mainGame\슈퍼마리오RPG\Cfacade\Cimage</Filter>
    </ClInclude>
    <ClInclude Include="Cunit.h">
      <Filter>mainGame\슈퍼마리오RPG\Cunit</Filter>
    </ClInclude>
    <ClInclude Include="Cmario.h">
      <Filter>mainGame\슈퍼마리오RPG\Cunit\Ccharacter\Cmario</Filter>
    </ClInclude>
    <ClInclude Include="Cbowser.h">
      <Filter>mainGame\슈퍼마리오RPG\Cunit\Ccharacter\Cbowser</Filter>
    </ClInclude>
    <ClInclude Include="Cpeach.h">
      <Filter>mainGame\슈퍼마리오RPG\Cunit\Ccharacter\Cpeach</Filter>
    </ClInclude>
    <ClInclude Include="CplayerManager.h">
      <Filter>mainGame\슈퍼마리오RPG\Cunit\CplayerManager</Filter>
    </ClInclude>
    <ClInclude Include="CFSM.h">
      <Filter>mainGame\슈퍼마리오RPG\CFSM</Filter>
    </ClInclude>
    <ClInclude Include="defineHeader.h">
      <Filter>mainGame\슈퍼마리오RPG</Filter>
    </ClInclude>
    <ClInclude Include="CsceneMarioHouse.h">
      <Filter>mainGame\슈퍼마리오RPG\Cscene</Filter>
    </ClInclude>
    <ClInclude Include="Cstate.h">
      <Filter>mainGame\슈퍼마리오RPG\CFSM</Filter>
    </ClInclude>
    <ClInclude Include="Ccharacter.h">
      <Filter>mainGame\슈퍼마리오RPG\Cunit\Ccharacter</Filter>
    </ClInclude>
    <ClInclude Include="CmarioState.h">
      <Filter>mainGame\슈퍼마리오RPG\Cunit\Ccharacter\Cmario</Filter>
    </ClInclude>
    <ClInclude Include="CsceneTown.h">
      <Filter>mainGame\슈퍼마리오RPG\Cscene</Filter>
    </ClInclude>
    <ClInclude Include="Cobject.h">
      <Filter>mainGame\슈퍼마리오RPG\Cobject</Filter>
    </ClInclude>
    <ClInclude Include="Ctown.h">
      <Filter>mainGame\슈퍼마리오RPG\Cobject\Ctown</Filter>
    </ClInclude>
    <ClInclude Include="Chouse.h">
      <Filter>mainGame\슈퍼마리오RPG\Cobject\Chouse</Filter>
    </ClInclude>
    <ClInclude Include="CplayerData.h">
      <Filter>mainGame\슈퍼마리오RPG\Cunit\CplayerManager\CplayerData</Filter>
    </ClInclude>
    <ClInclude Include="Czorder.h">
      <Filter>mainGame\Czorder</Filter>
    </ClInclude>
    <ClInclude Include="Ccommand.h">
      <Filter>mainGame\슈퍼마리오RPG\Ccommand</Filter>
    </ClInclude>
    <ClInclude Include="Cinvoker.h">
      <Filter>mainGame\슈퍼마리오RPG\Ccommand\Cinvoker</Filter>
    </ClInclude>
    <ClInclude Include="CcommandA.h">
      <Filter>mainGame\슈퍼마리오RPG\Ccommand\CcommandA</Filter>
    </ClInclude>
    <ClInclude Include="CcommandB.h">
      <Filter>mainGame\슈퍼마리오RPG\Ccommand\CcommandB</Filter>
    </ClInclude>
    <ClInclude Include="CcommandX.h">
      <Filter>mainGame\슈퍼마리오RPG\Ccommand\CcommandX</Filter>
    </ClInclude>
    <ClInclude Include="CcommandY.h">
      <Filter>mainGame\슈퍼마리오RPG\Ccommand\CcommandY</Filter>
    </ClInclude>
    <ClInclude Include="Cmonster.h">
      <Filter>mainGame\슈퍼마리오RPG\Cunit\Ccharacter\Cmonster</Filter>
    </ClInclude>
    <ClInclude Include="CmonsterFactory.h">
      <Filter>mainGame\슈퍼마리오RPG\Cunit\Ccharacter\Cmonster</Filter>
    </ClInclude>
    <ClInclude Include="Cgoomba.h">
      <Filter>mainGame\슈퍼마리오RPG\Cunit\Ccharacter\Cmonster\Cgoomba</Filter>
    </ClInclude>
    <ClInclude Include="Cskytroopa.h">
      <Filter>mainGame\슈퍼마리오RPG\Cunit\Ccharacter\Cmonster\CskyTroopa</Filter>
    </ClInclude>
    <ClInclude Include="Cspikey.h">
      <Filter>mainGame\슈퍼마리오RPG\Cunit\Ccharacter\Cmonster\Cspikey</Filter>
    </ClInclude>
    <ClInclude Include="CsceneBanditsWay.h">
      <Filter>mainGame\슈퍼마리오RPG\Cscene</Filter>
    </ClInclude>
    <ClInclude Include="CbanditsWay.h">
      <Filter>mainGame\슈퍼마리오RPG\Cobject\CbanditsWay</Filter>
    </ClInclude>
  </ItemGroup>
  <ItemGroup>
    <ClCompile Include="API_FrameWork.cpp">
      <Filter>소스 파일</Filter>
    </ClCompile>
    <ClCompile Include="Input.cpp">
      <Filter>Manager</Filter>
    </ClCompile>
    <ClCompile Include="mainGame.cpp">
      <Filter>mainGame</Filter>
    </ClCompile>
    <ClCompile Include="gameNode.cpp">
      <Filter>gameNode</Filter>
    </ClCompile>
    <ClCompile Include="utils.cpp">
      <Filter>UTIL</Filter>
    </ClCompile>
    <ClCompile Include="image.cpp">
      <Filter>image</Filter>
    </ClCompile>
    <ClCompile Include="imageManager.cpp">
      <Filter>Manager</Filter>
    </ClCompile>
    <ClCompile Include="timeManager.cpp">
      <Filter>Manager</Filter>
    </ClCompile>
    <ClCompile Include="timer.cpp">
      <Filter>타이머</Filter>
    </ClCompile>
    <ClCompile Include="sceneManager.cpp">
      <Filter>Manager</Filter>
    </ClCompile>
    <ClCompile Include="soundManager.cpp">
      <Filter>Manager</Filter>
    </ClCompile>
    <ClCompile Include="loading.cpp">
      <Filter>loading</Filter>
    </ClCompile>
    <ClCompile Include="progressBar.cpp">
      <Filter>프로그래스바</Filter>
    </ClCompile>
    <ClCompile Include="txtData.cpp">
      <Filter>텍스트데이터</Filter>
    </ClCompile>
    <ClCompile Include="animation.cpp">
      <Filter>애니메이션</Filter>
    </ClCompile>
    <ClCompile Include="animationManager.cpp">
      <Filter>Manager</Filter>
    </ClCompile>
    <ClCompile Include="Cimage.cpp">
      <Filter>mainGame\슈퍼마리오RPG\Cfacade\Cimage</Filter>
    </ClCompile>
    <ClCompile Include="effectManager.cpp">
      <Filter>Manager</Filter>
    </ClCompile>
    <ClCompile Include="effect.cpp">
      <Filter>이펙트</Filter>
    </ClCompile>
    <ClCompile Include="Ccamera.cpp">
      <Filter>mainGame\Ccamera</Filter>
    </ClCompile>
    <ClCompile Include="Cfacade.cpp">
      <Filter>mainGame\슈퍼마리오RPG\Cfacade</Filter>
    </ClCompile>
    <ClCompile Include="Canimation.cpp">
      <Filter>mainGame\슈퍼마리오RPG\Cfacade\Canimation</Filter>
    </ClCompile>
    <ClCompile Include="CaddImg.cpp">
      <Filter>mainGame\슈퍼마리오RPG\Cfacade\Cimage</Filter>
    </ClCompile>
    <ClCompile Include="Cunit.cpp">
      <Filter>mainGame\슈퍼마리오RPG\Cunit</Filter>
    </ClCompile>
    <ClCompile Include="Cmario.cpp">
      <Filter>mainGame\슈퍼마리오RPG\Cunit\Ccharacter\Cmario</Filter>
    </ClCompile>
    <ClCompile Include="Cbowser.cpp">
      <Filter>mainGame\슈퍼마리오RPG\Cunit\Ccharacter\Cbowser</Filter>
    </ClCompile>
    <ClCompile Include="Cpeach.cpp">
      <Filter>mainGame\슈퍼마리오RPG\Cunit\Ccharacter\Cpeach</Filter>
    </ClCompile>
    <ClCompile Include="CplayerManager.cpp">
      <Filter>mainGame\슈퍼마리오RPG\Cunit\CplayerManager</Filter>
    </ClCompile>
    <ClCompile Include="CFSM.cpp">
      <Filter>mainGame\슈퍼마리오RPG\CFSM</Filter>
    </ClCompile>
    <ClCompile Include="CsceneMarioHouse.cpp">
      <Filter>mainGame\슈퍼마리오RPG\Cscene</Filter>
    </ClCompile>
    <ClCompile Include="Cstate.cpp">
      <Filter>mainGame\슈퍼마리오RPG\CFSM</Filter>
    </ClCompile>
    <ClCompile Include="Ccharacter.cpp">
      <Filter>mainGame\슈퍼마리오RPG\Cunit\Ccharacter</Filter>
    </ClCompile>
    <ClCompile Include="CmarioState.cpp">
      <Filter>mainGame\슈퍼마리오RPG\Cunit\Ccharacter\Cmario</Filter>
    </ClCompile>
    <ClCompile Include="CsceneTown.cpp">
      <Filter>mainGame\슈퍼마리오RPG\Cscene</Filter>
    </ClCompile>
    <ClCompile Include="Cobject.cpp">
      <Filter>mainGame\슈퍼마리오RPG\Cobject</Filter>
    </ClCompile>
    <ClCompile Include="Ctown.cpp">
      <Filter>mainGame\슈퍼마리오RPG\Cobject\Ctown</Filter>
    </ClCompile>
    <ClCompile Include="Chouse.cpp">
      <Filter>mainGame\슈퍼마리오RPG\Cobject\Chouse</Filter>
    </ClCompile>
    <ClCompile Include="CplayerData.cpp">
      <Filter>mainGame\슈퍼마리오RPG\Cunit\CplayerManager\CplayerData</Filter>
    </ClCompile>
    <ClCompile Include="Czorder.cpp">
      <Filter>mainGame\Czorder</Filter>
    </ClCompile>
    <ClCompile Include="Ccommand.cpp">
      <Filter>mainGame\슈퍼마리오RPG\Ccommand</Filter>
    </ClCompile>
    <ClCompile Include="Cinvoker.cpp">
      <Filter>mainGame\슈퍼마리오RPG\Ccommand\Cinvoker</Filter>
    </ClCompile>
    <ClCompile Include="CcommandA.cpp">
      <Filter>mainGame\슈퍼마리오RPG\Ccommand\CcommandA</Filter>
    </ClCompile>
    <ClCompile Include="CcommandB.cpp">
      <Filter>mainGame\슈퍼마리오RPG\Ccommand\CcommandB</Filter>
    </ClCompile>
    <ClCompile Include="CcommandX.cpp">
      <Filter>mainGame\슈퍼마리오RPG\Ccommand\CcommandX</Filter>
    </ClCompile>
    <ClCompile Include="CcommandY.cpp">
      <Filter>mainGame\슈퍼마리오RPG\Ccommand\CcommandY</Filter>
    </ClCompile>
    <ClCompile Include="Cmonster.cpp">
      <Filter>mainGame\슈퍼마리오RPG\Cunit\Ccharacter\Cmonster</Filter>
    </ClCompile>
    <ClCompile Include="CmonsterFactory.cpp">
      <Filter>mainGame\슈퍼마리오RPG\Cunit\Ccharacter\Cmonster</Filter>
    </ClCompile>
    <ClCompile Include="Cgoomba.cpp">
      <Filter>mainGame\슈퍼마리오RPG\Cunit\Ccharacter\Cmonster\Cgoomba</Filter>
    </ClCompile>
    <ClCompile Include="Cskytroopa.cpp">
      <Filter>mainGame\슈퍼마리오RPG\Cunit\Ccharacter\Cmonster\CskyTroopa</Filter>
    </ClCompile>
    <ClCompile Include="Cspikey.cpp">
      <Filter>mainGame\슈퍼마리오RPG\Cunit\Ccharacter\Cmonster\Cspikey</Filter>
    </ClCompile>
    <ClCompile Include="CsceneBanditsWay.cpp">
      <Filter>mainGame\슈퍼마리오RPG\Cscene</Filter>
    </ClCompile>
    <ClCompile Include="CbanditsWay.cpp">
      <Filter>mainGame\슈퍼마리오RPG\Cobject\CbanditsWay</Filter>
    </ClCompile>
  </ItemGroup>
  <ItemGroup>
    <ResourceCompile Include="API_FrameWork.rc">
      <Filter>리소스 파일</Filter>
    </ResourceCompile>
  </ItemGroup>
  <ItemGroup>
    <Image Include="small.ico">
      <Filter>리소스 파일</Filter>
    </Image>
    <Image Include="API_FrameWork.ico">
      <Filter>리소스 파일</Filter>
    </Image>
  </ItemGroup>
  <ItemGroup>
    <None Include="cpp.hint" />
  </ItemGroup>
</Project>